<?xml version="1.0" encoding="utf-8"?>
<Project ToolsVersion="4.0" xmlns="http://schemas.microsoft.com/developer/msbuild/2003">
  <ItemGroup>
    <Filter Include="Source Files">
      <UniqueIdentifier>{4FC737F1-C7A5-4376-A066-2A32D752A2FF}</UniqueIdentifier>
      <Extensions>cpp;c;cc;cxx;def;odl;idl;hpj;bat;asm;asmx</Extensions>
    </Filter>
    <Filter Include="Header Files">
      <UniqueIdentifier>{93995380-89BD-4b04-88EB-625FBE52EBFB}</UniqueIdentifier>
      <Extensions>h;hh;hpp;hxx;hm;inl;inc;xsd</Extensions>
    </Filter>
    <Filter Include="Resource Files">
      <UniqueIdentifier>{67DA6AB6-F800-4c08-8B7A-83BB121AAD01}</UniqueIdentifier>
      <Extensions>rc;ico;cur;bmp;dlg;rc2;rct;bin;rgs;gif;jpg;jpeg;jpe;resx;tiff;tif;png;wav</Extensions>
    </Filter>
  </ItemGroup>
  <ItemGroup>
    <ClCompile Include="arch\alpha\boot\main.c">
      <Filter>Source Files</Filter>
    </ClCompile>
    <ClCompile Include="arch\alpha\boot\tools\build.c">
      <Filter>Source Files</Filter>
    </ClCompile>
    <ClCompile Include="arch\alpha\kernel\irq.c">
      <Filter>Source Files</Filter>
    </ClCompile>
    <ClCompile Include="arch\alpha\kernel\lca.c">
      <Filter>Source Files</Filter>
    </ClCompile>
    <ClCompile Include="arch\alpha\kernel\process.c">
      <Filter>Source Files</Filter>
    </ClCompile>
    <ClCompile Include="arch\alpha\kernel\setup.c">
      <Filter>Source Files</Filter>
    </ClCompile>
    <ClCompile Include="arch\alpha\kernel\signal.c">
      <Filter>Source Files</Filter>
    </ClCompile>
    <ClCompile Include="arch\alpha\kernel\traps.c">
      <Filter>Source Files</Filter>
    </ClCompile>
    <ClCompile Include="arch\alpha\lib\memset.c">
      <Filter>Source Files</Filter>
    </ClCompile>
    <ClCompile Include="arch\alpha\mm\fault.c">
      <Filter>Source Files</Filter>
    </ClCompile>
    <ClCompile Include="arch\alpha\mm\init.c">
      <Filter>Source Files</Filter>
    </ClCompile>
    <ClCompile Include="arch\i386\boot\compressed\inflate.c">
      <Filter>Source Files</Filter>
    </ClCompile>
    <ClCompile Include="arch\i386\boot\compressed\misc.c">
      <Filter>Source Files</Filter>
    </ClCompile>
    <ClCompile Include="arch\i386\boot\compressed\piggyback.c">
      <Filter>Source Files</Filter>
    </ClCompile>
    <ClCompile Include="arch\i386\boot\compressed\unzip.c">
      <Filter>Source Files</Filter>
    </ClCompile>
    <ClCompile Include="arch\i386\boot\compressed\xtract.c">
      <Filter>Source Files</Filter>
    </ClCompile>
    <ClCompile Include="arch\i386\boot\tools\build.c">
      <Filter>Source Files</Filter>
    </ClCompile>
    <ClCompile Include="arch\i386\ibcs\binfmt_coff.c">
      <Filter>Source Files</Filter>
    </ClCompile>
    <ClCompile Include="arch\i386\ibcs\binfmt_elf.c">
      <Filter>Source Files</Filter>
    </ClCompile>
    <ClCompile Include="arch\i386\ibcs\emulate.c">
      <Filter>Source Files</Filter>
    </ClCompile>
    <ClCompile Include="arch\i386\kernel\bios32.c">
      <Filter>Source Files</Filter>
    </ClCompile>
    <ClCompile Include="arch\i386\kernel\ioport.c">
      <Filter>Source Files</Filter>
    </ClCompile>
    <ClCompile Include="arch\i386\kernel\irq.c">
      <Filter>Source Files</Filter>
    </ClCompile>
    <ClCompile Include="arch\i386\kernel\ldt.c">
      <Filter>Source Files</Filter>
    </ClCompile>
    <ClCompile Include="arch\i386\kernel\process.c">
      <Filter>Source Files</Filter>
    </ClCompile>
    <ClCompile Include="arch\i386\kernel\ptrace.c">
      <Filter>Source Files</Filter>
    </ClCompile>
    <ClCompile Include="arch\i386\kernel\setup.c">
      <Filter>Source Files</Filter>
    </ClCompile>
    <ClCompile Include="arch\i386\kernel\signal.c">
      <Filter>Source Files</Filter>
    </ClCompile>
    <ClCompile Include="arch\i386\kernel\traps.c">
      <Filter>Source Files</Filter>
    </ClCompile>
    <ClCompile Include="arch\i386\kernel\vm86.c">
      <Filter>Source Files</Filter>
    </ClCompile>
    <ClCompile Include="arch\i386\math-emu\errors.c">
      <Filter>Source Files</Filter>
    </ClCompile>
    <ClCompile Include="arch\i386\math-emu\fpu_arith.c">
      <Filter>Source Files</Filter>
    </ClCompile>
    <ClCompile Include="arch\i386\math-emu\fpu_aux.c">
      <Filter>Source Files</Filter>
    </ClCompile>
    <ClCompile Include="arch\i386\math-emu\fpu_entry.c">
      <Filter>Source Files</Filter>
    </ClCompile>
    <ClCompile Include="arch\i386\math-emu\fpu_etc.c">
      <Filter>Source Files</Filter>
    </ClCompile>
    <ClCompile Include="arch\i386\math-emu\fpu_trig.c">
      <Filter>Source Files</Filter>
    </ClCompile>
    <ClCompile Include="arch\i386\math-emu\get_address.c">
      <Filter>Source Files</Filter>
    </ClCompile>
    <ClCompile Include="arch\i386\math-emu\load_store.c">
      <Filter>Source Files</Filter>
    </ClCompile>
    <ClCompile Include="arch\i386\math-emu\poly_2xm1.c">
      <Filter>Source Files</Filter>
    </ClCompile>
    <ClCompile Include="arch\i386\math-emu\poly_atan.c">
      <Filter>Source Files</Filter>
    </ClCompile>
    <ClCompile Include="arch\i386\math-emu\poly_l2.c">
      <Filter>Source Files</Filter>
    </ClCompile>
    <ClCompile Include="arch\i386\math-emu\poly_sin.c">
      <Filter>Source Files</Filter>
    </ClCompile>
    <ClCompile Include="arch\i386\math-emu\poly_tan.c">
      <Filter>Source Files</Filter>
    </ClCompile>
    <ClCompile Include="arch\i386\math-emu\reg_add_sub.c">
      <Filter>Source Files</Filter>
    </ClCompile>
    <ClCompile Include="arch\i386\math-emu\reg_compare.c">
      <Filter>Source Files</Filter>
    </ClCompile>
    <ClCompile Include="arch\i386\math-emu\reg_constant.c">
      <Filter>Source Files</Filter>
    </ClCompile>
    <ClCompile Include="arch\i386\math-emu\reg_ld_str.c">
      <Filter>Source Files</Filter>
    </ClCompile>
    <ClCompile Include="arch\i386\math-emu\reg_mul.c">
      <Filter>Source Files</Filter>
    </ClCompile>
    <ClCompile Include="arch\i386\mm\fault.c">
      <Filter>Source Files</Filter>
    </ClCompile>
    <ClCompile Include="arch\i386\mm\init.c">
      <Filter>Source Files</Filter>
    </ClCompile>
    <ClCompile Include="arch\mips\kernel\bios32.c">
      <Filter>Source Files</Filter>
    </ClCompile>
    <ClCompile Include="arch\mips\kernel\ioport.c">
      <Filter>Source Files</Filter>
    </ClCompile>
    <ClCompile Include="arch\mips\kernel\irq.c">
      <Filter>Source Files</Filter>
    </ClCompile>
    <ClCompile Include="arch\mips\kernel\process.c">
      <Filter>Source Files</Filter>
    </ClCompile>
    <ClCompile Include="arch\mips\kernel\ptrace.c">
      <Filter>Source Files</Filter>
    </ClCompile>
    <ClCompile Include="arch\mips\kernel\setup.c">
      <Filter>Source Files</Filter>
    </ClCompile>
    <ClCompile Include="arch\mips\kernel\signal.c">
      <Filter>Source Files</Filter>
    </ClCompile>
    <ClCompile Include="arch\mips\kernel\traps.c">
      <Filter>Source Files</Filter>
    </ClCompile>
    <ClCompile Include="arch\mips\kernel\tynedma.c">
      <Filter>Source Files</Filter>
    </ClCompile>
    <ClCompile Include="arch\mips\kernel\vm86.c">
      <Filter>Source Files</Filter>
    </ClCompile>
    <ClCompile Include="arch\mips\mm\fault.c">
      <Filter>Source Files</Filter>
    </ClCompile>
    <ClCompile Include="arch\mips\mm\init.c">
      <Filter>Source Files</Filter>
    </ClCompile>
    <ClCompile Include="arch\sparc\kernel\idprom.c">
      <Filter>Source Files</Filter>
    </ClCompile>
    <ClCompile Include="arch\sparc\kernel\ioport.c">
      <Filter>Source Files</Filter>
    </ClCompile>
    <ClCompile Include="arch\sparc\kernel\irq.c">
      <Filter>Source Files</Filter>
    </ClCompile>
    <ClCompile Include="arch\sparc\kernel\probe.c">
      <Filter>Source Files</Filter>
    </ClCompile>
    <ClCompile Include="arch\sparc\kernel\process.c">
      <Filter>Source Files</Filter>
    </ClCompile>
    <ClCompile Include="arch\sparc\kernel\promops.c">
      <Filter>Source Files</Filter>
    </ClCompile>
    <ClCompile Include="arch\sparc\kernel\setup.c">
      <Filter>Source Files</Filter>
    </ClCompile>
    <ClCompile Include="arch\sparc\kernel\signal.c">
      <Filter>Source Files</Filter>
    </ClCompile>
    <ClCompile Include="arch\sparc\kernel\traps.c">
      <Filter>Source Files</Filter>
    </ClCompile>
    <ClCompile Include="arch\sparc\mm\fault.c">
      <Filter>Source Files</Filter>
    </ClCompile>
    <ClCompile Include="arch\sparc\mm\init.c">
      <Filter>Source Files</Filter>
    </ClCompile>
    <ClCompile Include="arch\sparc\mm\vac-flush.c">
      <Filter>Source Files</Filter>
    </ClCompile>
    <ClCompile Include="fs\binfmt_elf.c">
      <Filter>Source Files</Filter>
    </ClCompile>
    <ClCompile Include="fs\block_dev.c">
      <Filter>Source Files</Filter>
    </ClCompile>
    <ClCompile Include="fs\buffer.c">
      <Filter>Source Files</Filter>
    </ClCompile>
    <ClCompile Include="fs\dcache.c">
      <Filter>Source Files</Filter>
    </ClCompile>
    <ClCompile Include="fs\devices.c">
      <Filter>Source Files</Filter>
    </ClCompile>
    <ClCompile Include="fs\exec.c">
      <Filter>Source Files</Filter>
    </ClCompile>
    <ClCompile Include="fs\fcntl.c">
      <Filter>Source Files</Filter>
    </ClCompile>
    <ClCompile Include="fs\fifo.c">
      <Filter>Source Files</Filter>
    </ClCompile>
    <ClCompile Include="fs\filesystems.c">
      <Filter>Source Files</Filter>
    </ClCompile>
    <ClCompile Include="fs\file_table.c">
      <Filter>Source Files</Filter>
    </ClCompile>
    <ClCompile Include="fs\inode.c">
      <Filter>Source Files</Filter>
    </ClCompile>
    <ClCompile Include="fs\ioctl.c">
      <Filter>Source Files</Filter>
    </ClCompile>
    <ClCompile Include="fs\locks.c">
      <Filter>Source Files</Filter>
    </ClCompile>
    <ClCompile Include="fs\namei.c">
      <Filter>Source Files</Filter>
    </ClCompile>
    <ClCompile Include="fs\open.c">
      <Filter>Source Files</Filter>
    </ClCompile>
    <ClCompile Include="fs\pipe.c">
      <Filter>Source Files</Filter>
    </ClCompile>
    <ClCompile Include="fs\read_write.c">
      <Filter>Source Files</Filter>
    </ClCompile>
    <ClCompile Include="fs\select.c">
      <Filter>Source Files</Filter>
    </ClCompile>
    <ClCompile Include="fs\stat.c">
      <Filter>Source Files</Filter>
    </ClCompile>
    <ClCompile Include="fs\super.c">
      <Filter>Source Files</Filter>
    </ClCompile>
    <ClCompile Include="fs\ext\dir.c">
      <Filter>Source Files</Filter>
    </ClCompile>
    <ClCompile Include="fs\ext\file.c">
      <Filter>Source Files</Filter>
    </ClCompile>
    <ClCompile Include="fs\ext\freelists.c">
      <Filter>Source Files</Filter>
    </ClCompile>
    <ClCompile Include="fs\ext\fsync.c">
      <Filter>Source Files</Filter>
    </ClCompile>
    <ClCompile Include="fs\ext\inode.c">
      <Filter>Source Files</Filter>
    </ClCompile>
    <ClCompile Include="fs\ext\namei.c">
      <Filter>Source Files</Filter>
    </ClCompile>
    <ClCompile Include="fs\ext\symlink.c">
      <Filter>Source Files</Filter>
    </ClCompile>
    <ClCompile Include="fs\ext\truncate.c">
      <Filter>Source Files</Filter>
    </ClCompile>
    <ClCompile Include="fs\ext2\acl.c">
      <Filter>Source Files</Filter>
    </ClCompile>
    <ClCompile Include="fs\ext2\balloc.c">
      <Filter>Source Files</Filter>
    </ClCompile>
    <ClCompile Include="fs\ext2\bitmap.c">
      <Filter>Source Files</Filter>
    </ClCompile>
    <ClCompile Include="fs\ext2\dir.c">
      <Filter>Source Files</Filter>
    </ClCompile>
    <ClCompile Include="fs\ext2\file.c">
      <Filter>Source Files</Filter>
    </ClCompile>
    <ClCompile Include="fs\ext2\fsync.c">
      <Filter>Source Files</Filter>
    </ClCompile>
    <ClCompile Include="fs\ext2\ialloc.c">
      <Filter>Source Files</Filter>
    </ClCompile>
    <ClCompile Include="fs\ext2\inode.c">
      <Filter>Source Files</Filter>
    </ClCompile>
    <ClCompile Include="fs\ext2\ioctl.c">
      <Filter>Source Files</Filter>
    </ClCompile>
    <ClCompile Include="fs\ext2\namei.c">
      <Filter>Source Files</Filter>
    </ClCompile>
    <ClCompile Include="fs\ext2\super.c">
      <Filter>Source Files</Filter>
    </ClCompile>
    <ClCompile Include="fs\ext2\symlink.c">
      <Filter>Source Files</Filter>
    </ClCompile>
    <ClCompile Include="fs\ext2\truncate.c">
      <Filter>Source Files</Filter>
    </ClCompile>
    <ClCompile Include="fs\hpfs\hpfs_caps.c">
      <Filter>Source Files</Filter>
    </ClCompile>
    <ClCompile Include="fs\hpfs\hpfs_fs.c">
      <Filter>Source Files</Filter>
    </ClCompile>
    <ClCompile Include="fs\isofs\dir.c">
      <Filter>Source Files</Filter>
    </ClCompile>
    <ClCompile Include="fs\isofs\file.c">
      <Filter>Source Files</Filter>
    </ClCompile>
    <ClCompile Include="fs\isofs\inode.c">
      <Filter>Source Files</Filter>
    </ClCompile>
    <ClCompile Include="fs\isofs\namei.c">
      <Filter>Source Files</Filter>
    </ClCompile>
    <ClCompile Include="fs\isofs\rock.c">
      <Filter>Source Files</Filter>
    </ClCompile>
    <ClCompile Include="fs\isofs\symlink.c">
      <Filter>Source Files</Filter>
    </ClCompile>
    <ClCompile Include="fs\isofs\util.c">
      <Filter>Source Files</Filter>
    </ClCompile>
    <ClCompile Include="fs\minix\bitmap.c">
      <Filter>Source Files</Filter>
    </ClCompile>
    <ClCompile Include="fs\minix\dir.c">
      <Filter>Source Files</Filter>
    </ClCompile>
    <ClCompile Include="fs\minix\file.c">
      <Filter>Source Files</Filter>
    </ClCompile>
    <ClCompile Include="fs\minix\fsync.c">
      <Filter>Source Files</Filter>
    </ClCompile>
    <ClCompile Include="fs\minix\inode.c">
      <Filter>Source Files</Filter>
    </ClCompile>
    <ClCompile Include="fs\minix\namei.c">
      <Filter>Source Files</Filter>
    </ClCompile>
    <ClCompile Include="fs\minix\symlink.c">
      <Filter>Source Files</Filter>
    </ClCompile>
    <ClCompile Include="fs\minix\truncate.c">
      <Filter>Source Files</Filter>
    </ClCompile>
    <ClCompile Include="fs\msdos\buffer.c">
      <Filter>Source Files</Filter>
    </ClCompile>
    <ClCompile Include="fs\msdos\dir.c">
      <Filter>Source Files</Filter>
    </ClCompile>
    <ClCompile Include="fs\msdos\fat.c">
      <Filter>Source Files</Filter>
    </ClCompile>
    <ClCompile Include="fs\msdos\file.c">
      <Filter>Source Files</Filter>
    </ClCompile>
    <ClCompile Include="fs\msdos\inode.c">
      <Filter>Source Files</Filter>
    </ClCompile>
    <ClCompile Include="fs\msdos\misc.c">
      <Filter>Source Files</Filter>
    </ClCompile>
    <ClCompile Include="fs\msdos\mmap.c">
      <Filter>Source Files</Filter>
    </ClCompile>
    <ClCompile Include="fs\msdos\namei.c">
      <Filter>Source Files</Filter>
    </ClCompile>
    <ClCompile Include="fs\nfs\dir.c">
      <Filter>Source Files</Filter>
    </ClCompile>
    <ClCompile Include="fs\nfs\file.c">
      <Filter>Source Files</Filter>
    </ClCompile>
    <ClCompile Include="fs\nfs\inode.c">
      <Filter>Source Files</Filter>
    </ClCompile>
    <ClCompile Include="fs\nfs\mmap.c">
      <Filter>Source Files</Filter>
    </ClCompile>
    <ClCompile Include="fs\nfs\proc.c">
      <Filter>Source Files</Filter>
    </ClCompile>
    <ClCompile Include="fs\nfs\sock.c">
      <Filter>Source Files</Filter>
    </ClCompile>
    <ClCompile Include="fs\nfs\symlink.c">
      <Filter>Source Files</Filter>
    </ClCompile>
    <ClCompile Include="fs\proc\array.c">
      <Filter>Source Files</Filter>
    </ClCompile>
    <ClCompile Include="fs\proc\base.c">
      <Filter>Source Files</Filter>
    </ClCompile>
    <ClCompile Include="fs\proc\fd.c">
      <Filter>Source Files</Filter>
    </ClCompile>
    <ClCompile Include="fs\proc\inode.c">
      <Filter>Source Files</Filter>
    </ClCompile>
    <ClCompile Include="fs\proc\kmsg.c">
      <Filter>Source Files</Filter>
    </ClCompile>
    <ClCompile Include="fs\proc\link.c">
      <Filter>Source Files</Filter>
    </ClCompile>
    <ClCompile Include="fs\proc\mem.c">
      <Filter>Source Files</Filter>
    </ClCompile>
    <ClCompile Include="fs\proc\net.c">
      <Filter>Source Files</Filter>
    </ClCompile>
    <ClCompile Include="fs\proc\root.c">
      <Filter>Source Files</Filter>
    </ClCompile>
    <ClCompile Include="fs\sysv\balloc.c">
      <Filter>Source Files</Filter>
    </ClCompile>
    <ClCompile Include="fs\sysv\dir.c">
      <Filter>Source Files</Filter>
    </ClCompile>
    <ClCompile Include="fs\sysv\file.c">
      <Filter>Source Files</Filter>
    </ClCompile>
    <ClCompile Include="fs\sysv\fsync.c">
      <Filter>Source Files</Filter>
    </ClCompile>
    <ClCompile Include="fs\sysv\ialloc.c">
      <Filter>Source Files</Filter>
    </ClCompile>
    <ClCompile Include="fs\sysv\inode.c">
      <Filter>Source Files</Filter>
    </ClCompile>
    <ClCompile Include="fs\sysv\namei.c">
      <Filter>Source Files</Filter>
    </ClCompile>
    <ClCompile Include="fs\sysv\symlink.c">
      <Filter>Source Files</Filter>
    </ClCompile>
    <ClCompile Include="fs\sysv\truncate.c">
      <Filter>Source Files</Filter>
    </ClCompile>
    <ClCompile Include="fs\umsdos\check.c">
      <Filter>Source Files</Filter>
    </ClCompile>
    <ClCompile Include="fs\umsdos\dir.c">
      <Filter>Source Files</Filter>
    </ClCompile>
    <ClCompile Include="fs\umsdos\emd.c">
      <Filter>Source Files</Filter>
    </ClCompile>
    <ClCompile Include="fs\umsdos\file.c">
      <Filter>Source Files</Filter>
    </ClCompile>
    <ClCompile Include="fs\umsdos\inode.c">
      <Filter>Source Files</Filter>
    </ClCompile>
    <ClCompile Include="fs\umsdos\ioctl.c">
      <Filter>Source Files</Filter>
    </ClCompile>
    <ClCompile Include="fs\umsdos\mangle.c">
      <Filter>Source Files</Filter>
    </ClCompile>
    <ClCompile Include="fs\umsdos\namei.c">
      <Filter>Source Files</Filter>
    </ClCompile>
    <ClCompile Include="fs\umsdos\rdir.c">
      <Filter>Source Files</Filter>
    </ClCompile>
    <ClCompile Include="fs\umsdos\symlink.c">
      <Filter>Source Files</Filter>
    </ClCompile>
    <ClCompile Include="fs\xiafs\bitmap.c">
      <Filter>Source Files</Filter>
    </ClCompile>
    <ClCompile Include="fs\xiafs\dir.c">
      <Filter>Source Files</Filter>
    </ClCompile>
    <ClCompile Include="fs\xiafs\file.c">
      <Filter>Source Files</Filter>
    </ClCompile>
    <ClCompile Include="fs\xiafs\fsync.c">
      <Filter>Source Files</Filter>
    </ClCompile>
    <ClCompile Include="fs\xiafs\inode.c">
      <Filter>Source Files</Filter>
    </ClCompile>
    <ClCompile Include="fs\xiafs\namei.c">
      <Filter>Source Files</Filter>
    </ClCompile>
    <ClCompile Include="fs\xiafs\symlink.c">
      <Filter>Source Files</Filter>
    </ClCompile>
    <ClCompile Include="fs\xiafs\truncate.c">
      <Filter>Source Files</Filter>
    </ClCompile>
    <ClCompile Include="init\main.c">
      <Filter>Source Files</Filter>
    </ClCompile>
    <ClCompile Include="init\version.c">
      <Filter>Source Files</Filter>
    </ClCompile>
    <ClCompile Include="ipc\msg.c">
      <Filter>Source Files</Filter>
    </ClCompile>
    <ClCompile Include="ipc\sem.c">
      <Filter>Source Files</Filter>
    </ClCompile>
    <ClCompile Include="ipc\shm.c">
      <Filter>Source Files</Filter>
    </ClCompile>
    <ClCompile Include="ipc\util.c">
      <Filter>Source Files</Filter>
    </ClCompile>
    <ClCompile Include="kernel\dma.c">
      <Filter>Source Files</Filter>
    </ClCompile>
    <ClCompile Include="kernel\exec_domain.c">
      <Filter>Source Files</Filter>
    </ClCompile>
    <ClCompile Include="kernel\exit.c">
      <Filter>Source Files</Filter>
    </ClCompile>
    <ClCompile Include="kernel\fork.c">
      <Filter>Source Files</Filter>
    </ClCompile>
    <ClCompile Include="kernel\info.c">
      <Filter>Source Files</Filter>
    </ClCompile>
    <ClCompile Include="kernel\itimer.c">
      <Filter>Source Files</Filter>
    </ClCompile>
    <ClCompile Include="kernel\ksyms.c">
      <Filter>Source Files</Filter>
    </ClCompile>
    <ClCompile Include="kernel\module.c">
      <Filter>Source Files</Filter>
    </ClCompile>
    <ClCompile Include="kernel\panic.c">
      <Filter>Source Files</Filter>
    </ClCompile>
    <ClCompile Include="kernel\printk.c">
      <Filter>Source Files</Filter>
    </ClCompile>
    <ClCompile Include="kernel\resource.c">
      <Filter>Source Files</Filter>
    </ClCompile>
    <ClCompile Include="kernel\sched.c">
      <Filter>Source Files</Filter>
    </ClCompile>
    <ClCompile Include="kernel\signal.c">
      <Filter>Source Files</Filter>
    </ClCompile>
    <ClCompile Include="kernel\softirq.c">
      <Filter>Source Files</Filter>
    </ClCompile>
    <ClCompile Include="kernel\sys.c">
      <Filter>Source Files</Filter>
    </ClCompile>
    <ClCompile Include="kernel\time.c">
      <Filter>Source Files</Filter>
    </ClCompile>
    <ClCompile Include="lib\close.c">
      <Filter>Source Files</Filter>
    </ClCompile>
    <ClCompile Include="lib\ctype.c">
      <Filter>Source Files</Filter>
    </ClCompile>
    <ClCompile Include="lib\dup.c">
      <Filter>Source Files</Filter>
    </ClCompile>
    <ClCompile Include="lib\errno.c">
      <Filter>Source Files</Filter>
    </ClCompile>
    <ClCompile Include="lib\execve.c">
      <Filter>Source Files</Filter>
    </ClCompile>
    <ClCompile Include="lib\open.c">
      <Filter>Source Files</Filter>
    </ClCompile>
    <ClCompile Include="lib\setsid.c">
      <Filter>Source Files</Filter>
    </ClCompile>
    <ClCompile Include="lib\string.c">
      <Filter>Source Files</Filter>
    </ClCompile>
    <ClCompile Include="lib\vsprintf.c">
      <Filter>Source Files</Filter>
    </ClCompile>
    <ClCompile Include="lib\wait.c">
      <Filter>Source Files</Filter>
    </ClCompile>
    <ClCompile Include="lib\write.c">
      <Filter>Source Files</Filter>
    </ClCompile>
    <ClCompile Include="lib\_exit.c">
      <Filter>Source Files</Filter>
    </ClCompile>
    <ClCompile Include="mm\filemap.c">
      <Filter>Source Files</Filter>
    </ClCompile>
    <ClCompile Include="mm\kmalloc.c">
      <Filter>Source Files</Filter>
    </ClCompile>
    <ClCompile Include="mm\memory.c">
      <Filter>Source Files</Filter>
    </ClCompile>
    <ClCompile Include="mm\mmap.c">
      <Filter>Source Files</Filter>
    </ClCompile>
    <ClCompile Include="mm\mprotect.c">
      <Filter>Source Files</Filter>
    </ClCompile>
    <ClCompile Include="mm\swap.c">
      <Filter>Source Files</Filter>
    </ClCompile>
    <ClCompile Include="mm\vmalloc.c">
      <Filter>Source Files</Filter>
    </ClCompile>
    <ClCompile Include="net\protocols.c">
      <Filter>Source Files</Filter>
    </ClCompile>
    <ClCompile Include="net\socket.c">
      <Filter>Source Files</Filter>
    </ClCompile>
    <ClCompile Include="net\inet\af_inet.c">
      <Filter>Source Files</Filter>
    </ClCompile>
    <ClCompile Include="net\inet\arp.c">
      <Filter>Source Files</Filter>
    </ClCompile>
    <ClCompile Include="net\inet\datagram.c">
      <Filter>Source Files</Filter>
    </ClCompile>
    <ClCompile Include="net\inet\dev.c">
      <Filter>Source Files</Filter>
    </ClCompile>
    <ClCompile Include="net\inet\devinet.c">
      <Filter>Source Files</Filter>
    </ClCompile>
    <ClCompile Include="net\inet\dev_mcast.c">
      <Filter>Source Files</Filter>
    </ClCompile>
    <ClCompile Include="net\inet\eth.c">
      <Filter>Source Files</Filter>
    </ClCompile>
    <ClCompile Include="net\inet\icmp.c">
      <Filter>Source Files</Filter>
    </ClCompile>
    <ClCompile Include="net\inet\igmp.c">
      <Filter>Source Files</Filter>
    </ClCompile>
    <ClCompile Include="net\inet\ip.c">
      <Filter>Source Files</Filter>
    </ClCompile>
    <ClCompile Include="net\inet\ipx.c">
      <Filter>Source Files</Filter>
    </ClCompile>
    <ClCompile Include="net\inet\ip_fw.c">
      <Filter>Source Files</Filter>
    </ClCompile>
    <ClCompile Include="net\inet\p8022.c">
      <Filter>Source Files</Filter>
    </ClCompile>
    <ClCompile Include="net\inet\p8023.c">
      <Filter>Source Files</Filter>
    </ClCompile>
    <ClCompile Include="net\inet\packet.c">
      <Filter>Source Files</Filter>
    </ClCompile>
    <ClCompile Include="net\inet\pe2.c">
      <Filter>Source Files</Filter>
    </ClCompile>
    <ClCompile Include="net\inet\proc.c">
      <Filter>Source Files</Filter>
    </ClCompile>
    <ClCompile Include="net\inet\protocol.c">
      <Filter>Source Files</Filter>
    </ClCompile>
    <ClCompile Include="net\inet\psnap.c">
      <Filter>Source Files</Filter>
    </ClCompile>
    <ClCompile Include="net\inet\rarp.c">
      <Filter>Source Files</Filter>
    </ClCompile>
    <ClCompile Include="net\inet\raw.c">
      <Filter>Source Files</Filter>
    </ClCompile>
    <ClCompile Include="net\inet\route.c">
      <Filter>Source Files</Filter>
    </ClCompile>
    <ClCompile Include="net\inet\skbuff.c">
      <Filter>Source Files</Filter>
    </ClCompile>
    <ClCompile Include="net\inet\sock.c">
      <Filter>Source Files</Filter>
    </ClCompile>
    <ClCompile Include="net\inet\tcp.c">
      <Filter>Source Files</Filter>
    </ClCompile>
    <ClCompile Include="net\inet\timer.c">
      <Filter>Source Files</Filter>
    </ClCompile>
    <ClCompile Include="net\inet\udp.c">
      <Filter>Source Files</Filter>
    </ClCompile>
    <ClCompile Include="net\inet\utils.c">
      <Filter>Source Files</Filter>
    </ClCompile>
    <ClCompile Include="net\unix\proc.c">
      <Filter>Source Files</Filter>
    </ClCompile>
    <ClCompile Include="net\unix\sock.c">
      <Filter>Source Files</Filter>
    </ClCompile>
  </ItemGroup>
  <ItemGroup>
    <ClInclude Include="arch\i386\boot\compressed\crypt.h">
      <Filter>Header Files</Filter>
    </ClInclude>
    <ClInclude Include="arch\i386\boot\compressed\gzip.h">
      <Filter>Header Files</Filter>
    </ClInclude>
    <ClInclude Include="arch\i386\boot\compressed\lzw.h">
      <Filter>Header Files</Filter>
    </ClInclude>
    <ClInclude Include="arch\i386\math-emu\control_w.h">
      <Filter>Header Files</Filter>
    </ClInclude>
    <ClInclude Include="arch\i386\math-emu\exception.h">
      <Filter>Header Files</Filter>
    </ClInclude>
    <ClInclude Include="arch\i386\math-emu\fpu_asm.h">
      <Filter>Header Files</Filter>
    </ClInclude>
    <ClInclude Include="arch\i386\math-emu\fpu_emu.h">
      <Filter>Header Files</Filter>
    </ClInclude>
    <ClInclude Include="arch\i386\math-emu\fpu_proto.h">
      <Filter>Header Files</Filter>
    </ClInclude>
    <ClInclude Include="arch\i386\math-emu\fpu_system.h">
      <Filter>Header Files</Filter>
    </ClInclude>
    <ClInclude Include="arch\i386\math-emu\poly.h">
      <Filter>Header Files</Filter>
    </ClInclude>
    <ClInclude Include="arch\i386\math-emu\reg_constant.h">
      <Filter>Header Files</Filter>
    </ClInclude>
    <ClInclude Include="arch\i386\math-emu\status_w.h">
      <Filter>Header Files</Filter>
    </ClInclude>
    <ClInclude Include="arch\i386\math-emu\version.h">
      <Filter>Header Files</Filter>
    </ClInclude>
    <ClInclude Include="fs\hpfs\hpfs.h">
      <Filter>Header Files</Filter>
    </ClInclude>
    <ClInclude Include="fs\hpfs\hpfs_caps.h">
      <Filter>Header Files</Filter>
    </ClInclude>
    <ClInclude Include="fs\isofs\rock.h">
      <Filter>Header Files</Filter>
    </ClInclude>
    <ClInclude Include="fs\msdos\msbuffer.h">
      <Filter>Header Files</Filter>
    </ClInclude>
    <ClInclude Include="fs\xiafs\xiafs_mac.h">
      <Filter>Header Files</Filter>
    </ClInclude>
    <ClInclude Include="include\asm-alpha\bitops.h">
      <Filter>Header Files</Filter>
    </ClInclude>
    <ClInclude Include="include\asm-alpha\bugs.h">
      <Filter>Header Files</Filter>
    </ClInclude>
    <ClInclude Include="include\asm-alpha\byteorder.h">
      <Filter>Header Files</Filter>
    </ClInclude>
    <ClInclude Include="include\asm-alpha\console.h">
      <Filter>Header Files</Filter>
    </ClInclude>
    <ClInclude Include="include\asm-alpha\delay.h">
      <Filter>Header Files</Filter>
    </ClInclude>
    <ClInclude Include="include\asm-alpha\dma.h">
      <Filter>Header Files</Filter>
    </ClInclude>
    <ClInclude Include="include\asm-alpha\hwrpb.h">
      <Filter>Header Files</Filter>
    </ClInclude>
    <ClInclude Include="include\asm-alpha\io.h">
      <Filter>Header Files</Filter>
    </ClInclude>
    <ClInclude Include="include\asm-alpha\irq.h">
      <Filter>Header Files</Filter>
    </ClInclude>
    <ClInclude Include="include\asm-alpha\jensen.h">
      <Filter>Header Files</Filter>
    </ClInclude>
    <ClInclude Include="include\asm-alpha\lca.h">
      <Filter>Header Files</Filter>
    </ClInclude>
    <ClInclude Include="include\asm-alpha\page.h">
      <Filter>Header Files</Filter>
    </ClInclude>
    <ClInclude Include="include\asm-alpha\param.h">
      <Filter>Header Files</Filter>
    </ClInclude>
    <ClInclude Include="include\asm-alpha\pgtable.h">
      <Filter>Header Files</Filter>
    </ClInclude>
    <ClInclude Include="include\asm-alpha\processor.h">
      <Filter>Header Files</Filter>
    </ClInclude>
    <ClInclude Include="include\asm-alpha\ptrace.h">
      <Filter>Header Files</Filter>
    </ClInclude>
    <ClInclude Include="include\asm-alpha\segment.h">
      <Filter>Header Files</Filter>
    </ClInclude>
    <ClInclude Include="include\asm-alpha\signal.h">
      <Filter>Header Files</Filter>
    </ClInclude>
    <ClInclude Include="include\asm-alpha\string.h">
      <Filter>Header Files</Filter>
    </ClInclude>
    <ClInclude Include="include\asm-alpha\system.h">
      <Filter>Header Files</Filter>
    </ClInclude>
    <ClInclude Include="include\asm-alpha\types.h">
      <Filter>Header Files</Filter>
    </ClInclude>
    <ClInclude Include="include\asm-alpha\unistd.h">
      <Filter>Header Files</Filter>
    </ClInclude>
    <ClInclude Include="include\asm-generic\bitops.h">
      <Filter>Header Files</Filter>
    </ClInclude>
    <ClInclude Include="include\asm-i386\bitops.h">
      <Filter>Header Files</Filter>
    </ClInclude>
    <ClInclude Include="include\asm-i386\bugs.h">
      <Filter>Header Files</Filter>
    </ClInclude>
    <ClInclude Include="include\asm-i386\byteorder.h">
      <Filter>Header Files</Filter>
    </ClInclude>
    <ClInclude Include="include\asm-i386\delay.h">
      <Filter>Header Files</Filter>
    </ClInclude>
    <ClInclude Include="include\asm-i386\dma.h">
      <Filter>Header Files</Filter>
    </ClInclude>
    <ClInclude Include="include\asm-i386\io.h">
      <Filter>Header Files</Filter>
    </ClInclude>
    <ClInclude Include="include\asm-i386\irq.h">
      <Filter>Header Files</Filter>
    </ClInclude>
    <ClInclude Include="include\asm-i386\page.h">
      <Filter>Header Files</Filter>
    </ClInclude>
    <ClInclude Include="include\asm-i386\param.h">
      <Filter>Header Files</Filter>
    </ClInclude>
    <ClInclude Include="include\asm-i386\pgtable.h">
      <Filter>Header Files</Filter>
    </ClInclude>
    <ClInclude Include="include\asm-i386\processor.h">
      <Filter>Header Files</Filter>
    </ClInclude>
    <ClInclude Include="include\asm-i386\ptrace.h">
      <Filter>Header Files</Filter>
    </ClInclude>
    <ClInclude Include="include\asm-i386\segment.h">
      <Filter>Header Files</Filter>
    </ClInclude>
    <ClInclude Include="include\asm-i386\signal.h">
      <Filter>Header Files</Filter>
    </ClInclude>
    <ClInclude Include="include\asm-i386\string.h">
      <Filter>Header Files</Filter>
    </ClInclude>
    <ClInclude Include="include\asm-i386\system.h">
      <Filter>Header Files</Filter>
    </ClInclude>
    <ClInclude Include="include\asm-i386\types.h">
      <Filter>Header Files</Filter>
    </ClInclude>
    <ClInclude Include="include\asm-i386\unistd.h">
      <Filter>Header Files</Filter>
    </ClInclude>
    <ClInclude Include="include\asm-m68k\bitops.h">
      <Filter>Header Files</Filter>
    </ClInclude>
    <ClInclude Include="include\asm-m68k\delay.h">
      <Filter>Header Files</Filter>
    </ClInclude>
    <ClInclude Include="include\asm-m68k\dma.h">
      <Filter>Header Files</Filter>
    </ClInclude>
    <ClInclude Include="include\asm-m68k\io.h">
      <Filter>Header Files</Filter>
    </ClInclude>
    <ClInclude Include="include\asm-m68k\irq.h">
      <Filter>Header Files</Filter>
    </ClInclude>
    <ClInclude Include="include\asm-m68k\segment.h">
      <Filter>Header Files</Filter>
    </ClInclude>
    <ClInclude Include="include\asm-m68k\string.h">
      <Filter>Header Files</Filter>
    </ClInclude>
    <ClInclude Include="include\asm-m68k\system.h">
      <Filter>Header Files</Filter>
    </ClInclude>
    <ClInclude Include="include\asm-m68k\unistd.h">
      <Filter>Header Files</Filter>
    </ClInclude>
    <ClInclude Include="include\asm-mips\bitops.h">
      <Filter>Header Files</Filter>
    </ClInclude>
    <ClInclude Include="include\asm-mips\bootinfo.h">
      <Filter>Header Files</Filter>
    </ClInclude>
    <ClInclude Include="include\asm-mips\bugs.h">
      <Filter>Header Files</Filter>
    </ClInclude>
    <ClInclude Include="include\asm-mips\byteorder.h">
      <Filter>Header Files</Filter>
    </ClInclude>
    <ClInclude Include="include\asm-mips\cachectl.h">
      <Filter>Header Files</Filter>
    </ClInclude>
    <ClInclude Include="include\asm-mips\delay.h">
      <Filter>Header Files</Filter>
    </ClInclude>
    <ClInclude Include="include\asm-mips\dma.h">
      <Filter>Header Files</Filter>
    </ClInclude>
    <ClInclude Include="include\asm-mips\io.h">
      <Filter>Header Files</Filter>
    </ClInclude>
    <ClInclude Include="include\asm-mips\irq.h">
      <Filter>Header Files</Filter>
    </ClInclude>
    <ClInclude Include="include\asm-mips\mipsconfig.h">
      <Filter>Header Files</Filter>
    </ClInclude>
    <ClInclude Include="include\asm-mips\mipsregs.h">
      <Filter>Header Files</Filter>
    </ClInclude>
    <ClInclude Include="include\asm-mips\page.h">
      <Filter>Header Files</Filter>
    </ClInclude>
    <ClInclude Include="include\asm-mips\param.h">
      <Filter>Header Files</Filter>
    </ClInclude>
    <ClInclude Include="include\asm-mips\processor.h">
      <Filter>Header Files</Filter>
    </ClInclude>
    <ClInclude Include="include\asm-mips\ptrace.h">
      <Filter>Header Files</Filter>
    </ClInclude>
    <ClInclude Include="include\asm-mips\regdef.h">
      <Filter>Header Files</Filter>
    </ClInclude>
    <ClInclude Include="include\asm-mips\segment.h">
      <Filter>Header Files</Filter>
    </ClInclude>
    <ClInclude Include="include\asm-mips\signal.h">
      <Filter>Header Files</Filter>
    </ClInclude>
    <ClInclude Include="include\asm-mips\slots.h">
      <Filter>Header Files</Filter>
    </ClInclude>
    <ClInclude Include="include\asm-mips\stackframe.h">
      <Filter>Header Files</Filter>
    </ClInclude>
    <ClInclude Include="include\asm-mips\string.h">
      <Filter>Header Files</Filter>
    </ClInclude>
    <ClInclude Include="include\asm-mips\system.h">
      <Filter>Header Files</Filter>
    </ClInclude>
    <ClInclude Include="include\asm-mips\types.h">
      <Filter>Header Files</Filter>
    </ClInclude>
    <ClInclude Include="include\asm-mips\unistd.h">
      <Filter>Header Files</Filter>
    </ClInclude>
    <ClInclude Include="include\asm-sparc\asi.h">
      <Filter>Header Files</Filter>
    </ClInclude>
    <ClInclude Include="include\asm-sparc\asi4m.h">
      <Filter>Header Files</Filter>
    </ClInclude>
    <ClInclude Include="include\asm-sparc\bitops.h">
      <Filter>Header Files</Filter>
    </ClInclude>
    <ClInclude Include="include\asm-sparc\bugs.h">
      <Filter>Header Files</Filter>
    </ClInclude>
    <ClInclude Include="include\asm-sparc\byteorder.h">
      <Filter>Header Files</Filter>
    </ClInclude>
    <ClInclude Include="include\asm-sparc\clock.h">
      <Filter>Header Files</Filter>
    </ClInclude>
    <ClInclude Include="include\asm-sparc\contregs.h">
      <Filter>Header Files</Filter>
    </ClInclude>
    <ClInclude Include="include\asm-sparc\cprefix.h">
      <Filter>Header Files</Filter>
    </ClInclude>
    <ClInclude Include="include\asm-sparc\delay.h">
      <Filter>Header Files</Filter>
    </ClInclude>
    <ClInclude Include="include\asm-sparc\dma.h">
      <Filter>Header Files</Filter>
    </ClInclude>
    <ClInclude Include="include\asm-sparc\head.h">
      <Filter>Header Files</Filter>
    </ClInclude>
    <ClInclude Include="include\asm-sparc\idprom.h">
      <Filter>Header Files</Filter>
    </ClInclude>
    <ClInclude Include="include\asm-sparc\io.h">
      <Filter>Header Files</Filter>
    </ClInclude>
    <ClInclude Include="include\asm-sparc\irq.h">
      <Filter>Header Files</Filter>
    </ClInclude>
    <ClInclude Include="include\asm-sparc\memerr.h">
      <Filter>Header Files</Filter>
    </ClInclude>
    <ClInclude Include="include\asm-sparc\openprom.h">
      <Filter>Header Files</Filter>
    </ClInclude>
    <ClInclude Include="include\asm-sparc\page.h">
      <Filter>Header Files</Filter>
    </ClInclude>
    <ClInclude Include="include\asm-sparc\param.h">
      <Filter>Header Files</Filter>
    </ClInclude>
    <ClInclude Include="include\asm-sparc\pgtable.h">
      <Filter>Header Files</Filter>
    </ClInclude>
    <ClInclude Include="include\asm-sparc\processor.h">
      <Filter>Header Files</Filter>
    </ClInclude>
    <ClInclude Include="include\asm-sparc\psr.h">
      <Filter>Header Files</Filter>
    </ClInclude>
    <ClInclude Include="include\asm-sparc\ptrace.h">
      <Filter>Header Files</Filter>
    </ClInclude>
    <ClInclude Include="include\asm-sparc\segment.h">
      <Filter>Header Files</Filter>
    </ClInclude>
    <ClInclude Include="include\asm-sparc\signal.h">
      <Filter>Header Files</Filter>
    </ClInclude>
    <ClInclude Include="include\asm-sparc\string.h">
      <Filter>Header Files</Filter>
    </ClInclude>
    <ClInclude Include="include\asm-sparc\sysen.h">
      <Filter>Header Files</Filter>
    </ClInclude>
    <ClInclude Include="include\asm-sparc\system.h">
      <Filter>Header Files</Filter>
    </ClInclude>
    <ClInclude Include="include\asm-sparc\types.h">
      <Filter>Header Files</Filter>
    </ClInclude>
    <ClInclude Include="include\asm-sparc\unistd.h">
      <Filter>Header Files</Filter>
    </ClInclude>
    <ClInclude Include="include\asm-sparc\vac-ops.h">
      <Filter>Header Files</Filter>
    </ClInclude>
    <ClInclude Include="include\asm-sparc\vaddrs.h">
      <Filter>Header Files</Filter>
    </ClInclude>
    <ClInclude Include="include\asm-sparc\version.h">
      <Filter>Header Files</Filter>
    </ClInclude>
    <ClInclude Include="include\asm-sparc\wim.h">
      <Filter>Header Files</Filter>
    </ClInclude>
    <ClInclude Include="include\linux\a.out.h">
      <Filter>Header Files</Filter>
    </ClInclude>
    <ClInclude Include="include\linux\aztcd.h">
      <Filter>Header Files</Filter>
    </ClInclude>
    <ClInclude Include="include\linux\binfmts.h">
      <Filter>Header Files</Filter>
    </ClInclude>
    <ClInclude Include="include\linux\bios32.h">
      <Filter>Header Files</Filter>
    </ClInclude>
    <ClInclude Include="include\linux\blkdev.h">
      <Filter>Header Files</Filter>
    </ClInclude>
    <ClInclude Include="include\linux\busmouse.h">
      <Filter>Header Files</Filter>
    </ClInclude>
    <ClInclude Include="include\linux\cdrom.h">
      <Filter>Header Files</Filter>
    </ClInclude>
    <ClInclude Include="include\linux\cdu31a.h">
      <Filter>Header Files</Filter>
    </ClInclude>
    <ClInclude Include="include\linux\coff.h">
      <Filter>Header Files</Filter>
    </ClInclude>
    <ClInclude Include="include\linux\config.h">
      <Filter>Header Files</Filter>
    </ClInclude>
    <ClInclude Include="include\linux\ctype.h">
      <Filter>Header Files</Filter>
    </ClInclude>
    <ClInclude Include="include\linux\cyclades.h">
      <Filter>Header Files</Filter>
    </ClInclude>
    <ClInclude Include="include\linux\debugreg.h">
      <Filter>Header Files</Filter>
    </ClInclude>
    <ClInclude Include="include\linux\delay.h">
      <Filter>Header Files</Filter>
    </ClInclude>
    <ClInclude Include="include\linux\dirent.h">
      <Filter>Header Files</Filter>
    </ClInclude>
    <ClInclude Include="include\linux\elf.h">
      <Filter>Header Files</Filter>
    </ClInclude>
    <ClInclude Include="include\linux\errno.h">
      <Filter>Header Files</Filter>
    </ClInclude>
    <ClInclude Include="include\linux\etherdevice.h">
      <Filter>Header Files</Filter>
    </ClInclude>
    <ClInclude Include="include\linux\ext2_fs.h">
      <Filter>Header Files</Filter>
    </ClInclude>
    <ClInclude Include="include\linux\ext2_fs_i.h">
      <Filter>Header Files</Filter>
    </ClInclude>
    <ClInclude Include="include\linux\ext2_fs_sb.h">
      <Filter>Header Files</Filter>
    </ClInclude>
    <ClInclude Include="include\linux\ext_fs.h">
      <Filter>Header Files</Filter>
    </ClInclude>
    <ClInclude Include="include\linux\ext_fs_i.h">
      <Filter>Header Files</Filter>
    </ClInclude>
    <ClInclude Include="include\linux\ext_fs_sb.h">
      <Filter>Header Files</Filter>
    </ClInclude>
    <ClInclude Include="include\linux\fcntl.h">
      <Filter>Header Files</Filter>
    </ClInclude>
    <ClInclude Include="include\linux\fd.h">
      <Filter>Header Files</Filter>
    </ClInclude>
    <ClInclude Include="include\linux\fdreg.h">
      <Filter>Header Files</Filter>
    </ClInclude>
    <ClInclude Include="include\linux\fs.h">
      <Filter>Header Files</Filter>
    </ClInclude>
    <ClInclude Include="include\linux\genhd.h">
      <Filter>Header Files</Filter>
    </ClInclude>
    <ClInclude Include="include\linux\hdreg.h">
      <Filter>Header Files</Filter>
    </ClInclude>
    <ClInclude Include="include\linux\head.h">
      <Filter>Header Files</Filter>
    </ClInclude>
    <ClInclude Include="include\linux\hpfs_fs.h">
      <Filter>Header Files</Filter>
    </ClInclude>
    <ClInclude Include="include\linux\hpfs_fs_i.h">
      <Filter>Header Files</Filter>
    </ClInclude>
    <ClInclude Include="include\linux\hpfs_fs_sb.h">
      <Filter>Header Files</Filter>
    </ClInclude>
    <ClInclude Include="include\linux\icmp.h">
      <Filter>Header Files</Filter>
    </ClInclude>
    <ClInclude Include="include\linux\if.h">
      <Filter>Header Files</Filter>
    </ClInclude>
    <ClInclude Include="include\linux\if_arp.h">
      <Filter>Header Files</Filter>
    </ClInclude>
    <ClInclude Include="include\linux\if_ether.h">
      <Filter>Header Files</Filter>
    </ClInclude>
    <ClInclude Include="include\linux\if_plip.h">
      <Filter>Header Files</Filter>
    </ClInclude>
    <ClInclude Include="include\linux\if_slip.h">
      <Filter>Header Files</Filter>
    </ClInclude>
    <ClInclude Include="include\linux\igmp.h">
      <Filter>Header Files</Filter>
    </ClInclude>
    <ClInclude Include="include\linux\in.h">
      <Filter>Header Files</Filter>
    </ClInclude>
    <ClInclude Include="include\linux\inet.h">
      <Filter>Header Files</Filter>
    </ClInclude>
    <ClInclude Include="include\linux\interrupt.h">
      <Filter>Header Files</Filter>
    </ClInclude>
    <ClInclude Include="include\linux\in_systm.h">
      <Filter>Header Files</Filter>
    </ClInclude>
    <ClInclude Include="include\linux\ioctl.h">
      <Filter>Header Files</Filter>
    </ClInclude>
    <ClInclude Include="include\linux\ioport.h">
      <Filter>Header Files</Filter>
    </ClInclude>
    <ClInclude Include="include\linux\ip.h">
      <Filter>Header Files</Filter>
    </ClInclude>
    <ClInclude Include="include\linux\ipc.h">
      <Filter>Header Files</Filter>
    </ClInclude>
    <ClInclude Include="include\linux\ipx.h">
      <Filter>Header Files</Filter>
    </ClInclude>
    <ClInclude Include="include\linux\ip_fw.h">
      <Filter>Header Files</Filter>
    </ClInclude>
    <ClInclude Include="include\linux\iso_fs.h">
      <Filter>Header Files</Filter>
    </ClInclude>
    <ClInclude Include="include\linux\iso_fs_i.h">
      <Filter>Header Files</Filter>
    </ClInclude>
    <ClInclude Include="include\linux\iso_fs_sb.h">
      <Filter>Header Files</Filter>
    </ClInclude>
    <ClInclude Include="include\linux\kd.h">
      <Filter>Header Files</Filter>
    </ClInclude>
    <ClInclude Include="include\linux\kernel.h">
      <Filter>Header Files</Filter>
    </ClInclude>
    <ClInclude Include="include\linux\kernel_stat.h">
      <Filter>Header Files</Filter>
    </ClInclude>
    <ClInclude Include="include\linux\keyboard.h">
      <Filter>Header Files</Filter>
    </ClInclude>
    <ClInclude Include="include\linux\ldt.h">
      <Filter>Header Files</Filter>
    </ClInclude>
    <ClInclude Include="include\linux\limits.h">
      <Filter>Header Files</Filter>
    </ClInclude>
    <ClInclude Include="include\linux\linkage.h">
      <Filter>Header Files</Filter>
    </ClInclude>
    <ClInclude Include="include\linux\locks.h">
      <Filter>Header Files</Filter>
    </ClInclude>
    <ClInclude Include="include\linux\lp.h">
      <Filter>Header Files</Filter>
    </ClInclude>
    <ClInclude Include="include\linux\major.h">
      <Filter>Header Files</Filter>
    </ClInclude>
    <ClInclude Include="include\linux\malloc.h">
      <Filter>Header Files</Filter>
    </ClInclude>
    <ClInclude Include="include\linux\math_emu.h">
      <Filter>Header Files</Filter>
    </ClInclude>
    <ClInclude Include="include\linux\mc146818rtc.h">
      <Filter>Header Files</Filter>
    </ClInclude>
    <ClInclude Include="include\linux\mcd.h">
      <Filter>Header Files</Filter>
    </ClInclude>
    <ClInclude Include="include\linux\minix_fs.h">
      <Filter>Header Files</Filter>
    </ClInclude>
    <ClInclude Include="include\linux\minix_fs_i.h">
      <Filter>Header Files</Filter>
    </ClInclude>
    <ClInclude Include="include\linux\minix_fs_sb.h">
      <Filter>Header Files</Filter>
    </ClInclude>
    <ClInclude Include="include\linux\mm.h">
      <Filter>Header Files</Filter>
    </ClInclude>
    <ClInclude Include="include\linux\mman.h">
      <Filter>Header Files</Filter>
    </ClInclude>
    <ClInclude Include="include\linux\module.h">
      <Filter>Header Files</Filter>
    </ClInclude>
    <ClInclude Include="include\linux\mouse.h">
      <Filter>Header Files</Filter>
    </ClInclude>
    <ClInclude Include="include\linux\msdos_fs.h">
      <Filter>Header Files</Filter>
    </ClInclude>
    <ClInclude Include="include\linux\msdos_fs_i.h">
      <Filter>Header Files</Filter>
    </ClInclude>
    <ClInclude Include="include\linux\msdos_fs_sb.h">
      <Filter>Header Files</Filter>
    </ClInclude>
    <ClInclude Include="include\linux\msg.h">
      <Filter>Header Files</Filter>
    </ClInclude>
    <ClInclude Include="include\linux\mtio.h">
      <Filter>Header Files</Filter>
    </ClInclude>
    <ClInclude Include="include\linux\net.h">
      <Filter>Header Files</Filter>
    </ClInclude>
    <ClInclude Include="include\linux\netdevice.h">
      <Filter>Header Files</Filter>
    </ClInclude>
    <ClInclude Include="include\linux\nfs.h">
      <Filter>Header Files</Filter>
    </ClInclude>
    <ClInclude Include="include\linux\nfs_fs.h">
      <Filter>Header Files</Filter>
    </ClInclude>
    <ClInclude Include="include\linux\nfs_fs_i.h">
      <Filter>Header Files</Filter>
    </ClInclude>
    <ClInclude Include="include\linux\nfs_fs_sb.h">
      <Filter>Header Files</Filter>
    </ClInclude>
    <ClInclude Include="include\linux\nfs_mount.h">
      <Filter>Header Files</Filter>
    </ClInclude>
    <ClInclude Include="include\linux\notifier.h">
      <Filter>Header Files</Filter>
    </ClInclude>
    <ClInclude Include="include\linux\param.h">
      <Filter>Header Files</Filter>
    </ClInclude>
    <ClInclude Include="include\linux\pci.h">
      <Filter>Header Files</Filter>
    </ClInclude>
    <ClInclude Include="include\linux\personality.h">
      <Filter>Header Files</Filter>
    </ClInclude>
    <ClInclude Include="include\linux\pipe_fs_i.h">
      <Filter>Header Files</Filter>
    </ClInclude>
    <ClInclude Include="include\linux\ppp.h">
      <Filter>Header Files</Filter>
    </ClInclude>
    <ClInclude Include="include\linux\proc_fs.h">
      <Filter>Header Files</Filter>
    </ClInclude>
    <ClInclude Include="include\linux\ptrace.h">
      <Filter>Header Files</Filter>
    </ClInclude>
    <ClInclude Include="include\linux\resource.h">
      <Filter>Header Files</Filter>
    </ClInclude>
    <ClInclude Include="include\linux\route.h">
      <Filter>Header Files</Filter>
    </ClInclude>
    <ClInclude Include="include\linux\sbpcd.h">
      <Filter>Header Files</Filter>
    </ClInclude>
    <ClInclude Include="include\linux\sched.h">
      <Filter>Header Files</Filter>
    </ClInclude>
    <ClInclude Include="include\linux\scsicam.h">
      <Filter>Header Files</Filter>
    </ClInclude>
    <ClInclude Include="include\linux\sem.h">
      <Filter>Header Files</Filter>
    </ClInclude>
    <ClInclude Include="include\linux\serial.h">
      <Filter>Header Files</Filter>
    </ClInclude>
    <ClInclude Include="include\linux\serial_reg.h">
      <Filter>Header Files</Filter>
    </ClInclude>
    <ClInclude Include="include\linux\shm.h">
      <Filter>Header Files</Filter>
    </ClInclude>
    <ClInclude Include="include\linux\signal.h">
      <Filter>Header Files</Filter>
    </ClInclude>
    <ClInclude Include="include\linux\skbuff.h">
      <Filter>Header Files</Filter>
    </ClInclude>
    <ClInclude Include="include\linux\socket.h">
      <Filter>Header Files</Filter>
    </ClInclude>
    <ClInclude Include="include\linux\sockios.h">
      <Filter>Header Files</Filter>
    </ClInclude>
    <ClInclude Include="include\linux\sonycd535.h">
      <Filter>Header Files</Filter>
    </ClInclude>
    <ClInclude Include="include\linux\soundcard.h">
      <Filter>Header Files</Filter>
    </ClInclude>
    <ClInclude Include="include\linux\stat.h">
      <Filter>Header Files</Filter>
    </ClInclude>
    <ClInclude Include="include\linux\stddef.h">
      <Filter>Header Files</Filter>
    </ClInclude>
    <ClInclude Include="include\linux\string.h">
      <Filter>Header Files</Filter>
    </ClInclude>
    <ClInclude Include="include\linux\symtab_begin.h">
      <Filter>Header Files</Filter>
    </ClInclude>
    <ClInclude Include="include\linux\symtab_end.h">
      <Filter>Header Files</Filter>
    </ClInclude>
    <ClInclude Include="include\linux\sys.h">
      <Filter>Header Files</Filter>
    </ClInclude>
    <ClInclude Include="include\linux\sysv_fs.h">
      <Filter>Header Files</Filter>
    </ClInclude>
    <ClInclude Include="include\linux\sysv_fs_i.h">
      <Filter>Header Files</Filter>
    </ClInclude>
    <ClInclude Include="include\linux\sysv_fs_sb.h">
      <Filter>Header Files</Filter>
    </ClInclude>
    <ClInclude Include="include\linux\tasks.h">
      <Filter>Header Files</Filter>
    </ClInclude>
    <ClInclude Include="include\linux\tcp.h">
      <Filter>Header Files</Filter>
    </ClInclude>
    <ClInclude Include="include\linux\termios.h">
      <Filter>Header Files</Filter>
    </ClInclude>
    <ClInclude Include="include\linux\time.h">
      <Filter>Header Files</Filter>
    </ClInclude>
    <ClInclude Include="include\linux\timer.h">
      <Filter>Header Files</Filter>
    </ClInclude>
    <ClInclude Include="include\linux\times.h">
      <Filter>Header Files</Filter>
    </ClInclude>
    <ClInclude Include="include\linux\timex.h">
      <Filter>Header Files</Filter>
    </ClInclude>
    <ClInclude Include="include\linux\tpqic02.h">
      <Filter>Header Files</Filter>
    </ClInclude>
    <ClInclude Include="include\linux\tqueue.h">
      <Filter>Header Files</Filter>
    </ClInclude>
    <ClInclude Include="include\linux\tty.h">
      <Filter>Header Files</Filter>
    </ClInclude>
    <ClInclude Include="include\linux\tty_driver.h">
      <Filter>Header Files</Filter>
    </ClInclude>
    <ClInclude Include="include\linux\tty_flip.h">
      <Filter>Header Files</Filter>
    </ClInclude>
    <ClInclude Include="include\linux\tty_ldisc.h">
      <Filter>Header Files</Filter>
    </ClInclude>
    <ClInclude Include="include\linux\types.h">
      <Filter>Header Files</Filter>
    </ClInclude>
    <ClInclude Include="include\linux\udp.h">
      <Filter>Header Files</Filter>
    </ClInclude>
    <ClInclude Include="include\linux\ultrasound.h">
      <Filter>Header Files</Filter>
    </ClInclude>
    <ClInclude Include="include\linux\umsdos_fs.h">
      <Filter>Header Files</Filter>
    </ClInclude>
    <ClInclude Include="include\linux\umsdos_fs_i.h">
      <Filter>Header Files</Filter>
    </ClInclude>
    <ClInclude Include="include\linux\un.h">
      <Filter>Header Files</Filter>
    </ClInclude>
    <ClInclude Include="include\linux\unistd.h">
      <Filter>Header Files</Filter>
    </ClInclude>
    <ClInclude Include="include\linux\user.h">
      <Filter>Header Files</Filter>
    </ClInclude>
    <ClInclude Include="include\linux\utime.h">
      <Filter>Header Files</Filter>
    </ClInclude>
    <ClInclude Include="include\linux\utsname.h">
      <Filter>Header Files</Filter>
    </ClInclude>
    <ClInclude Include="include\linux\vfs.h">
      <Filter>Header Files</Filter>
    </ClInclude>
    <ClInclude Include="include\linux\vm86.h">
      <Filter>Header Files</Filter>
    </ClInclude>
    <ClInclude Include="include\linux\vt.h">
      <Filter>Header Files</Filter>
    </ClInclude>
    <ClInclude Include="include\linux\wait.h">
      <Filter>Header Files</Filter>
    </ClInclude>
    <ClInclude Include="include\linux\xd.h">
      <Filter>Header Files</Filter>
    </ClInclude>
    <ClInclude Include="include\linux\xia_fs.h">
      <Filter>Header Files</Filter>
    </ClInclude>
    <ClInclude Include="include\linux\xia_fs_i.h">
      <Filter>Header Files</Filter>
    </ClInclude>
    <ClInclude Include="include\linux\xia_fs_sb.h">
      <Filter>Header Files</Filter>
    </ClInclude>
    <ClInclude Include="net\inet\arp.h">
      <Filter>Header Files</Filter>
    </ClInclude>
    <ClInclude Include="net\inet\datalink.h">
      <Filter>Header Files</Filter>
    </ClInclude>
    <ClInclude Include="net\inet\eth.h">
      <Filter>Header Files</Filter>
    </ClInclude>
    <ClInclude Include="net\inet\icmp.h">
      <Filter>Header Files</Filter>
    </ClInclude>
    <ClInclude Include="net\inet\ip.h">
      <Filter>Header Files</Filter>
    </ClInclude>
    <ClInclude Include="net\inet\ipx.h">
      <Filter>Header Files</Filter>
    </ClInclude>
    <ClInclude Include="net\inet\ipxcall.h">
      <Filter>Header Files</Filter>
    </ClInclude>
    <ClInclude Include="net\inet\p8022.h">
      <Filter>Header Files</Filter>
    </ClInclude>
    <ClInclude Include="net\inet\p8022call.h">
      <Filter>Header Files</Filter>
    </ClInclude>
    <ClInclude Include="net\inet\protocol.h">
      <Filter>Header Files</Filter>
    </ClInclude>
    <ClInclude Include="net\inet\psnap.h">
      <Filter>Header Files</Filter>
    </ClInclude>
    <ClInclude Include="net\inet\psnapcall.h">
      <Filter>Header Files</Filter>
    </ClInclude>
    <ClInclude Include="net\inet\rarp.h">
      <Filter>Header Files</Filter>
    </ClInclude>
    <ClInclude Include="net\inet\raw.h">
      <Filter>Header Files</Filter>
    </ClInclude>
    <ClInclude Include="net\inet\route.h">
      <Filter>Header Files</Filter>
    </ClInclude>
    <ClInclude Include="net\inet\snmp.h">
      <Filter>Header Files</Filter>
    </ClInclude>
    <ClInclude Include="net\inet\sock.h">
      <Filter>Header Files</Filter>
    </ClInclude>
    <ClInclude Include="net\inet\tcp.h">
      <Filter>Header Files</Filter>
    </ClInclude>
    <ClInclude Include="net\inet\udp.h">
      <Filter>Header Files</Filter>
    </ClInclude>
    <ClInclude Include="net\unix\unix.h">
      <Filter>Header Files</Filter>
    </ClInclude>
  </ItemGroup>
</Project>